// !$*UTF8*$!
{
	archiveVersion = 1;
	classes = {
	};
	objectVersion = 77;
	objects = {

/* Begin PBXContainerItemProxy section */
		02E495B22D64AFEF00CC9018 /* PBXContainerItemProxy */ = {
			isa = PBXContainerItemProxy;
			containerPortal = 02E495932D64AFED00CC9018 /* Project object */;
			proxyType = 1;
			remoteGlobalIDString = 02E4959A2D64AFED00CC9018;
			remoteInfo = storeAppMemoryManagement;
		};
		02E495BC2D64AFEF00CC9018 /* PBXContainerItemProxy */ = {
			isa = PBXContainerItemProxy;
			containerPortal = 02E495932D64AFED00CC9018 /* Project object */;
			proxyType = 1;
			remoteGlobalIDString = 02E4959A2D64AFED00CC9018;
			remoteInfo = storeAppMemoryManagement;
		};
/* End PBXContainerItemProxy section */

/* Begin PBXFileReference section */
		02E4959B2D64AFED00CC9018 /* storeAppMemoryManagement.app */ = {isa = PBXFileReference; explicitFileType = wrapper.application; includeInIndex = 0; path = storeAppMemoryManagement.app; sourceTree = BUILT_PRODUCTS_DIR; };
		02E495B12D64AFEF00CC9018 /* storeAppMemoryManagementTests.xctest */ = {isa = PBXFileReference; explicitFileType = wrapper.cfbundle; includeInIndex = 0; path = storeAppMemoryManagementTests.xctest; sourceTree = BUILT_PRODUCTS_DIR; };
		02E495BB2D64AFEF00CC9018 /* storeAppMemoryManagementUITests.xctest */ = {isa = PBXFileReference; explicitFileType = wrapper.cfbundle; includeInIndex = 0; path = storeAppMemoryManagementUITests.xctest; sourceTree = BUILT_PRODUCTS_DIR; };
/* End PBXFileReference section */

/* Begin PBXFileSystemSynchronizedBuildFileExceptionSet section */
		02E495C32D64AFEF00CC9018 /* Exceptions for "storeAppMemoryManagement" folder in "storeAppMemoryManagement" target */ = {
			isa = PBXFileSystemSynchronizedBuildFileExceptionSet;
			membershipExceptions = (
				Info.plist,
			);
			target = 02E4959A2D64AFED00CC9018 /* storeAppMemoryManagement */;
		};
/* End PBXFileSystemSynchronizedBuildFileExceptionSet section */

/* Begin PBXFileSystemSynchronizedRootGroup section */
		02E4959D2D64AFED00CC9018 /* storeAppMemoryManagement */ = {
			isa = PBXFileSystemSynchronizedRootGroup;
			exceptions = (
				02E495C32D64AFEF00CC9018 /* Exceptions for "storeAppMemoryManagement" folder in "storeAppMemoryManagement" target */,
			);
			path = storeAppMemoryManagement;
			sourceTree = "<group>";
		};
		02E495B42D64AFEF00CC9018 /* storeAppMemoryManagementTests */ = {
			isa = PBXFileSystemSynchronizedRootGroup;
			path = storeAppMemoryManagementTests;
			sourceTree = "<group>";
		};
		02E495BE2D64AFEF00CC9018 /* storeAppMemoryManagementUITests */ = {
			isa = PBXFileSystemSynchronizedRootGroup;
			path = storeAppMemoryManagementUITests;
			sourceTree = "<group>";
		};
/* End PBXFileSystemSynchronizedRootGroup section */

/* Begin PBXFrameworksBuildPhase section */
		02E495982D64AFED00CC9018 /* Frameworks */ = {
			isa = PBXFrameworksBuildPhase;
			buildActionMask = 2147483647;
			files = (
			);
			runOnlyForDeploymentPostprocessing = 0;
		};
		02E495AE2D64AFEF00CC9018 /* Frameworks */ = {
			isa = PBXFrameworksBuildPhase;
			buildActionMask = 2147483647;
			files = (
			);
			runOnlyForDeploymentPostprocessing = 0;
		};
		02E495B82D64AFEF00CC9018 /* Frameworks */ = {
			isa = PBXFrameworksBuildPhase;
			buildActionMask = 2147483647;
			files = (
			);
			runOnlyForDeploymentPostprocessing = 0;
		};
/* End PBXFrameworksBuildPhase section */

/* Begin PBXGroup section */
		02E495922D64AFED00CC9018 = {
			isa = PBXGroup;
			children = (
				02E4959D2D64AFED00CC9018 /* storeAppMemoryManagement */,
				02E495B42D64AFEF00CC9018 /* storeAppMemoryManagementTests */,
				02E495BE2D64AFEF00CC9018 /* storeAppMemoryManagementUITests */,
				02E4959C2D64AFED00CC9018 /* Products */,
			);
			sourceTree = "<group>";
		};
		02E4959C2D64AFED00CC9018 /* Products */ = {
			isa = PBXGroup;
			children = (
				02E4959B2D64AFED00CC9018 /* storeAppMemoryManagement.app */,
				02E495B12D64AFEF00CC9018 /* storeAppMemoryManagementTests.xctest */,
				02E495BB2D64AFEF00CC9018 /* storeAppMemoryManagementUITests.xctest */,
			);
			name = Products;
			sourceTree = "<group>";
		};
/* End PBXGroup section */

/* Begin PBXNativeTarget section */
		02E4959A2D64AFED00CC9018 /* storeAppMemoryManagement */ = {
			isa = PBXNativeTarget;
			buildConfigurationList = 02E495C42D64AFEF00CC9018 /* Build configuration list for PBXNativeTarget "storeAppMemoryManagement" */;
			buildPhases = (
				02E495972D64AFED00CC9018 /* Sources */,
				02E495982D64AFED00CC9018 /* Frameworks */,
				02E495992D64AFED00CC9018 /* Resources */,
			);
			buildRules = (
			);
			dependencies = (
			);
			fileSystemSynchronizedGroups = (
				02E4959D2D64AFED00CC9018 /* storeAppMemoryManagement */,
			);
			name = storeAppMemoryManagement;
			packageProductDependencies = (
			);
			productName = storeAppMemoryManagement;
			productReference = 02E4959B2D64AFED00CC9018 /* storeAppMemoryManagement.app */;
			productType = "com.apple.product-type.application";
		};
		02E495B02D64AFEF00CC9018 /* storeAppMemoryManagementTests */ = {
			isa = PBXNativeTarget;
			buildConfigurationList = 02E495C92D64AFEF00CC9018 /* Build configuration list for PBXNativeTarget "storeAppMemoryManagementTests" */;
			buildPhases = (
				02E495AD2D64AFEF00CC9018 /* Sources */,
				02E495AE2D64AFEF00CC9018 /* Frameworks */,
				02E495AF2D64AFEF00CC9018 /* Resources */,
			);
			buildRules = (
			);
			dependencies = (
				02E495B32D64AFEF00CC9018 /* PBXTargetDependency */,
			);
			fileSystemSynchronizedGroups = (
				02E495B42D64AFEF00CC9018 /* storeAppMemoryManagementTests */,
			);
			name = storeAppMemoryManagementTests;
			packageProductDependencies = (
			);
			productName = storeAppMemoryManagementTests;
			productReference = 02E495B12D64AFEF00CC9018 /* storeAppMemoryManagementTests.xctest */;
			productType = "com.apple.product-type.bundle.unit-test";
		};
		02E495BA2D64AFEF00CC9018 /* storeAppMemoryManagementUITests */ = {
			isa = PBXNativeTarget;
			buildConfigurationList = 02E495CC2D64AFEF00CC9018 /* Build configuration list for PBXNativeTarget "storeAppMemoryManagementUITests" */;
			buildPhases = (
				02E495B72D64AFEF00CC9018 /* Sources */,
				02E495B82D64AFEF00CC9018 /* Frameworks */,
				02E495B92D64AFEF00CC9018 /* Resources */,
			);
			buildRules = (
			);
			dependencies = (
				02E495BD2D64AFEF00CC9018 /* PBXTargetDependency */,
			);
			fileSystemSynchronizedGroups = (
				02E495BE2D64AFEF00CC9018 /* storeAppMemoryManagementUITests */,
			);
			name = storeAppMemoryManagementUITests;
			packageProductDependencies = (
			);
			productName = storeAppMemoryManagementUITests;
			productReference = 02E495BB2D64AFEF00CC9018 /* storeAppMemoryManagementUITests.xctest */;
			productType = "com.apple.product-type.bundle.ui-testing";
		};
/* End PBXNativeTarget section */

/* Begin PBXProject section */
		02E495932D64AFED00CC9018 /* Project object */ = {
			isa = PBXProject;
			attributes = {
				BuildIndependentTargetsInParallel = 1;
				LastSwiftUpdateCheck = 1620;
				LastUpgradeCheck = 1620;
				TargetAttributes = {
					02E4959A2D64AFED00CC9018 = {
						CreatedOnToolsVersion = 16.2;
					};
					02E495B02D64AFEF00CC9018 = {
						CreatedOnToolsVersion = 16.2;
						TestTargetID = 02E4959A2D64AFED00CC9018;
					};
					02E495BA2D64AFEF00CC9018 = {
						CreatedOnToolsVersion = 16.2;
						TestTargetID = 02E4959A2D64AFED00CC9018;
					};
				};
			};
			buildConfigurationList = 02E495962D64AFED00CC9018 /* Build configuration list for PBXProject "storeAppMemoryManagement" */;
			developmentRegion = en;
			hasScannedForEncodings = 0;
			knownRegions = (
				en,
				Base,
			);
			mainGroup = 02E495922D64AFED00CC9018;
			minimizedProjectReferenceProxies = 1;
			preferredProjectObjectVersion = 77;
			productRefGroup = 02E4959C2D64AFED00CC9018 /* Products */;
			projectDirPath = "";
			projectRoot = "";
			targets = (
				02E4959A2D64AFED00CC9018 /* storeAppMemoryManagement */,
				02E495B02D64AFEF00CC9018 /* storeAppMemoryManagementTests */,
				02E495BA2D64AFEF00CC9018 /* storeAppMemoryManagementUITests */,
			);
		};
/* End PBXProject section */

/* Begin PBXResourcesBuildPhase section */
		02E495992D64AFED00CC9018 /* Resources */ = {
			isa = PBXResourcesBuildPhase;
			buildActionMask = 2147483647;
			files = (
			);
			runOnlyForDeploymentPostprocessing = 0;
		};
		02E495AF2D64AFEF00CC9018 /* Resources */ = {
			isa = PBXResourcesBuildPhase;
			buildActionMask = 2147483647;
			files = (
			);
			runOnlyForDeploymentPostprocessing = 0;
		};
		02E495B92D64AFEF00CC9018 /* Resources */ = {
			isa = PBXResourcesBuildPhase;
			buildActionMask = 2147483647;
			files = (
			);
			runOnlyForDeploymentPostprocessing = 0;
		};
/* End PBXResourcesBuildPhase section */

/* Begin PBXSourcesBuildPhase section */
		02E495972D64AFED00CC9018 /* Sources */ = {
			isa = PBXSourcesBuildPhase;
			buildActionMask = 2147483647;
			files = (
			);
			runOnlyForDeploymentPostprocessing = 0;
		};
		02E495AD2D64AFEF00CC9018 /* Sources */ = {
			isa = PBXSourcesBuildPhase;
			buildActionMask = 2147483647;
			files = (
			);
			runOnlyForDeploymentPostprocessing = 0;
		};
		02E495B72D64AFEF00CC9018 /* Sources */ = {
			isa = PBXSourcesBuildPhase;
			buildActionMask = 2147483647;
			files = (
			);
			runOnlyForDeploymentPostprocessing = 0;
		};
/* End PBXSourcesBuildPhase section */

/* Begin PBXTargetDependency section */
		02E495B32D64AFEF00CC9018 /* PBXTargetDependency */ = {
			isa = PBXTargetDependency;
			target = 02E4959A2D64AFED00CC9018 /* storeAppMemoryManagement */;
			targetProxy = 02E495B22D64AFEF00CC9018 /* PBXContainerItemProxy */;
		};
		02E495BD2D64AFEF00CC9018 /* PBXTargetDependency */ = {
			isa = PBXTargetDependency;
			target = 02E4959A2D64AFED00CC9018 /* storeAppMemoryManagement */;
			targetProxy = 02E495BC2D64AFEF00CC9018 /* PBXContainerItemProxy */;
		};
/* End PBXTargetDependency section */

/* Begin XCBuildConfiguration section */
		02E495C52D64AFEF00CC9018 /* Debug */ = {
			isa = XCBuildConfiguration;
			buildSettings = {
				ASSETCATALOG_COMPILER_APPICON_NAME = AppIcon;
				ASSETCATALOG_COMPILER_GLOBAL_ACCENT_COLOR_NAME = AccentColor;
				CODE_SIGN_STYLE = Automatic;
				CURRENT_PROJECT_VERSION = 1;
				DEVELOPMENT_TEAM = LAC37QCH22;
				GENERATE_INFOPLIST_FILE = YES;
				INFOPLIST_FILE = storeAppMemoryManagement/Info.plist;
				INFOPLIST_KEY_UIApplicationSupportsIndirectInputEvents = YES;
				INFOPLIST_KEY_UILaunchStoryboardName = LaunchScreen;
				INFOPLIST_KEY_UIMainStoryboardFile = Main;
				INFOPLIST_KEY_UISupportedInterfaceOrientations_iPad = "UIInterfaceOrientationPortrait UIInterfaceOrientationPortraitUpsideDown UIInterfaceOrientationLandscapeLeft UIInterfaceOrientationLandscapeRight";
				INFOPLIST_KEY_UISupportedInterfaceOrientations_iPhone = "UIInterfaceOrientationPortrait UIInterfaceOrientationLandscapeLeft UIInterfaceOrientationLandscapeRight";
				LD_RUNPATH_SEARCH_PATHS = (
					"$(inherited)",
					"@executable_path/Frameworks",
				);
				MARKETING_VERSION = 1.0;
				PRODUCT_BUNDLE_IDENTIFIER = abitova.storeAppMemoryManagement;
				PRODUCT_NAME = "$(TARGET_NAME)";
				SWIFT_EMIT_LOC_STRINGS = YES;
				SWIFT_VERSION = 5.0;
				TARGETED_DEVICE_FAMILY = "1,2";
			};
			name = Debug;
		};
		02E495C62D64AFEF00CC9018 /* Release */ = {
			isa = XCBuildConfiguration;
			buildSettings = {
				ASSETCATALOG_COMPILER_APPICON_NAME = AppIcon;
				ASSETCATALOG_COMPILER_GLOBAL_ACCENT_COLOR_NAME = AccentColor;
				CODE_SIGN_STYLE = Automatic;
				CURRENT_PROJECT_VERSION = 1;
				DEVELOPMENT_TEAM = LAC37QCH22;
				GENERATE_INFOPLIST_FILE = YES;
				INFOPLIST_FILE = storeAppMemoryManagement/Info.plist;
				INFOPLIST_KEY_UIApplicationSupportsIndirectInputEvents = YES;
				INFOPLIST_KEY_UILaunchStoryboardName = LaunchScreen;
				INFOPLIST_KEY_UIMainStoryboardFile = Main;
				INFOPLIST_KEY_UISupportedInterfaceOrientations_iPad = "UIInterfaceOrientationPortrait UIInterfaceOrientationPortraitUpsideDown UIInterfaceOrientationLandscapeLeft UIInterfaceOrientationLandscapeRight";
				INFOPLIST_KEY_UISupportedInterfaceOrientations_iPhone = "UIInterfaceOrientationPortrait UIInterfaceOrientationLandscapeLeft UIInterfaceOrientationLandscapeRight";
				LD_RUNPATH_SEARCH_PATHS = (
					"$(inherited)",
					"@executable_path/Frameworks",
				);
				MARKETING_VERSION = 1.0;
				PRODUCT_BUNDLE_IDENTIFIER = abitova.storeAppMemoryManagement;
				PRODUCT_NAME = "$(TARGET_NAME)";
				SWIFT_EMIT_LOC_STRINGS = YES;
				SWIFT_VERSION = 5.0;
				TARGETED_DEVICE_FAMILY = "1,2";
			};
			name = Release;
		};
		02E495C72D64AFEF00CC9018 /* Debug */ = {
			isa = XCBuildConfiguration;
			buildSettings = {
				ALWAYS_SEARCH_USER_PATHS = NO;
				ASSETCATALOG_COMPILER_GENERATE_SWIFT_ASSET_SYMBOL_EXTENSIONS = YES;
				CLANG_ANALYZER_NONNULL = YES;
				CLANG_ANALYZER_NUMBER_OBJECT_CONVERSION = YES_AGGRESSIVE;
				CLANG_CXX_LANGUAGE_STANDARD = "gnu++20";
				CLANG_ENABLE_MODULES = YES;
				CLANG_ENABLE_OBJC_ARC = YES;
				CLANG_ENABLE_OBJC_WEAK = YES;
				CLANG_WARN_BLOCK_CAPTURE_AUTORELEASING = YES;
				CLANG_WARN_BOOL_CONVERSION = YES;
				CLANG_WARN_COMMA = YES;
				CLANG_WARN_CONSTANT_CONVERSION = YES;
				CLANG_WARN_DEPRECATED_OBJC_IMPLEMENTATIONS = YES;
				CLANG_WARN_DIRECT_OBJC_ISA_USAGE = YES_ERROR;
				CLANG_WARN_DOCUMENTATION_COMMENTS = YES;
				CLANG_WARN_EMPTY_BODY = YES;
				CLANG_WARN_ENUM_CONVERSION = YES;
				CLANG_WARN_INFINITE_RECURSION = YES;
				CLANG_WARN_INT_CONVERSION = YES;
				CLANG_WARN_NON_LITERAL_NULL_CONVERSION = YES;
				CLANG_WARN_OBJC_IMPLICIT_RETAIN_SELF = YES;
				CLANG_WARN_OBJC_LITERAL_CONVERSION = YES;
				CLANG_WARN_OBJC_ROOT_CLASS = YES_ERROR;
				CLANG_WARN_QUOTED_INCLUDE_IN_FRAMEWORK_HEADER = YES;
				CLANG_WARN_RANGE_LOOP_ANALYSIS = YES;
				CLANG_WARN_STRICT_PROTOTYPES = YES;
				CLANG_WARN_SUSPICIOUS_MOVE = YES;
				CLANG_WARN_UNGUARDED_AVAILABILITY = YES_AGGRESSIVE;
				CLANG_WARN_UNREACHABLE_CODE = YES;
				CLANG_WARN__DUPLICATE_METHOD_MATCH = YES;
				COPY_PHASE_STRIP = NO;
				DEBUG_INFORMATION_FORMAT = dwarf;
				ENABLE_STRICT_OBJC_MSGSEND = YES;
				ENABLE_TESTABILITY = YES;
				ENABLE_USER_SCRIPT_SANDBOXING = YES;
				GCC_C_LANGUAGE_STANDARD = gnu17;
				GCC_DYNAMIC_NO_PIC = NO;
				GCC_NO_COMMON_BLOCKS = YES;
				GCC_OPTIMIZATION_LEVEL = 0;
				GCC_PREPROCESSOR_DEFINITIONS = (
					"DEBUG=1",
					"$(inherited)",
				);
				GCC_WARN_64_TO_32_BIT_CONVERSION = YES;
				GCC_WARN_ABOUT_RETURN_TYPE = YES_ERROR;
				GCC_WARN_UNDECLARED_SELECTOR = YES;
				GCC_WARN_UNINITIALIZED_AUTOS = YES_AGGRESSIVE;
				GCC_WARN_UNUSED_FUNCTION = YES;
				GCC_WARN_UNUSED_VARIABLE = YES;
				IPHONEOS_DEPLOYMENT_TARGET = 18.2;
				LOCALIZATION_PREFERS_STRING_CATALOGS = YES;
				MTL_ENABLE_DEBUG_INFO = INCLUDE_SOURCE;
				MTL_FAST_MATH = YES;
				ONLY_ACTIVE_ARCH = YES;
				SDKROOT = iphoneos;
				SWIFT_ACTIVE_COMPILATION_CONDITIONS = "DEBUG $(inherited)";
				SWIFT_OPTIMIZATION_LEVEL = "-Onone";
			};
			name = Debug;
		};
		02E495C82D64AFEF00CC9018 /* Release */ = {
			isa = XCBuildConfiguration;
			buildSettings = {
				ALWAYS_SEARCH_USER_PATHS = NO;
				ASSETCATALOG_COMPILER_GENERATE_SWIFT_ASSET_SYMBOL_EXTENSIONS = YES;
				CLANG_ANALYZER_NONNULL = YES;
				CLANG_ANALYZER_NUMBER_OBJECT_CONVERSION = YES_AGGRESSIVE;
				CLANG_CXX_LANGUAGE_STANDARD = "gnu++20";
				CLANG_ENABLE_MODULES = YES;
				CLANG_ENABLE_OBJC_ARC = YES;
				CLANG_ENABLE_OBJC_WEAK = YES;
				CLANG_WARN_BLOCK_CAPTURE_AUTORELEASING = YES;
				CLANG_WARN_BOOL_CONVERSION = YES;
				CLANG_WARN_COMMA = YES;
				CLANG_WARN_CONSTANT_CONVERSION = YES;
				CLANG_WARN_DEPRECATED_OBJC_IMPLEMENTATIONS = YES;
				CLANG_WARN_DIRECT_OBJC_ISA_USAGE = YES_ERROR;
				CLANG_WARN_DOCUMENTATION_COMMENTS = YES;
				CLANG_WARN_EMPTY_BODY = YES;
				CLANG_WARN_ENUM_CONVERSION = YES;
				CLANG_WARN_INFINITE_RECURSION = YES;
				CLANG_WARN_INT_CONVERSION = YES;
				CLANG_WARN_NON_LITERAL_NULL_CONVERSION = YES;
				CLANG_WARN_OBJC_IMPLICIT_RETAIN_SELF = YES;
				CLANG_WARN_OBJC_LITERAL_CONVERSION = YES;
				CLANG_WARN_OBJC_ROOT_CLASS = YES_ERROR;
				CLANG_WARN_QUOTED_INCLUDE_IN_FRAMEWORK_HEADER = YES;
				CLANG_WARN_RANGE_LOOP_ANALYSIS = YES;
				CLANG_WARN_STRICT_PROTOTYPES = YES;
				CLANG_WARN_SUSPICIOUS_MOVE = YES;
				CLANG_WARN_UNGUARDED_AVAILABILITY = YES_AGGRESSIVE;
				CLANG_WARN_UNREACHABLE_CODE = YES;
				CLANG_WARN__DUPLICATE_METHOD_MATCH = YES;
				COPY_PHASE_STRIP = NO;
				DEBUG_INFORMATION_FORMAT = "dwarf-with-dsym";
				ENABLE_NS_ASSERTIONS = NO;
				ENABLE_STRICT_OBJC_MSGSEND = YES;
				ENABLE_USER_SCRIPT_SANDBOXING = YES;
				GCC_C_LANGUAGE_STANDARD = gnu17;
				GCC_NO_COMMON_BLOCKS = YES;
				GCC_WARN_64_TO_32_BIT_CONVERSION = YES;
				GCC_WARN_ABOUT_RETURN_TYPE = YES_ERROR;
				GCC_WARN_UNDECLARED_SELECTOR = YES;
				GCC_WARN_UNINITIALIZED_AUTOS = YES_AGGRESSIVE;
				GCC_WARN_UNUSED_FUNCTION = YES;
				GCC_WARN_UNUSED_VARIABLE = YES;
				IPHONEOS_DEPLOYMENT_TARGET = 18.2;
				LOCALIZATION_PREFERS_STRING_CATALOGS = YES;
				MTL_ENABLE_DEBUG_INFO = NO;
				MTL_FAST_MATH = YES;
				SDKROOT = iphoneos;
				SWIFT_COMPILATION_MODE = wholemodule;
				VALIDATE_PRODUCT = YES;
			};
			name = Release;
		};
		02E495CA2D64AFEF00CC9018 /* Debug */ = {
			isa = XCBuildConfiguration;
			buildSettings = {
				BUNDLE_LOADER = "$(TEST_HOST)";
				CODE_SIGN_STYLE = Automatic;
				CURRENT_PROJECT_VERSION = 1;
				DEVELOPMENT_TEAM = LAC37QCH22;
				GENERATE_INFOPLIST_FILE = YES;
				IPHONEOS_DEPLOYMENT_TARGET = 18.2;
				MARKETING_VERSION = 1.0;
				PRODUCT_BUNDLE_IDENTIFIER = abitova.storeAppMemoryManagementTests;
				PRODUCT_NAME = "$(TARGET_NAME)";
				SWIFT_EMIT_LOC_STRINGS = NO;
				SWIFT_VERSION = 5.0;
				TARGETED_DEVICE_FAMILY = "1,2";
				TEST_HOST = "$(BUILT_PRODUCTS_DIR)/storeAppMemoryManagement.app/$(BUNDLE_EXECUTABLE_FOLDER_PATH)/storeAppMemoryManagement";
			};
			name = Debug;
		};
		02E495CB2D64AFEF00CC9018 /* Release */ = {
			isa = XCBuildConfiguration;
			buildSettings = {
				BUNDLE_LOADER = "$(TEST_HOST)";
				CODE_SIGN_STYLE = Automatic;
				CURRENT_PROJECT_VERSION = 1;
				DEVELOPMENT_TEAM = LAC37QCH22;
				GENERATE_INFOPLIST_FILE = YES;
				IPHONEOS_DEPLOYMENT_TARGET = 18.2;
				MARKETING_VERSION = 1.0;
				PRODUCT_BUNDLE_IDENTIFIER = abitova.storeAppMemoryManagementTests;
				PRODUCT_NAME = "$(TARGET_NAME)";
				SWIFT_EMIT_LOC_STRINGS = NO;
				SWIFT_VERSION = 5.0;
				TARGETED_DEVICE_FAMILY = "1,2";
				TEST_HOST = "$(BUILT_PRODUCTS_DIR)/storeAppMemoryManagement.app/$(BUNDLE_EXECUTABLE_FOLDER_PATH)/storeAppMemoryManagement";
			};
			name = Release;
		};
		02E495CD2D64AFEF00CC9018 /* Debug */ = {
			isa = XCBuildConfiguration;
			buildSettings = {
				CODE_SIGN_STYLE = Automatic;
				CURRENT_PROJECT_VERSION = 1;
				DEVELOPMENT_TEAM = LAC37QCH22;
				GENERATE_INFOPLIST_FILE = YES;
				MARKETING_VERSION = 1.0;
				PRODUCT_BUNDLE_IDENTIFIER = abitova.storeAppMemoryManagementUITests;
				PRODUCT_NAME = "$(TARGET_NAME)";
				SWIFT_EMIT_LOC_STRINGS = NO;
				SWIFT_VERSION = 5.0;
				TARGETED_DEVICE_FAMILY = "1,2";
				TEST_TARGET_NAME = storeAppMemoryManagement;
			};
			name = Debug;
		};
		02E495CE2D64AFEF00CC9018 /* Release */ = {
			isa = XCBuildConfiguration;
			buildSettings = {
				CODE_SIGN_STYLE = Automatic;
				CURRENT_PROJECT_VERSION = 1;
				DEVELOPMENT_TEAM = LAC37QCH22;
				GENERATE_INFOPLIST_FILE = YES;
				MARKETING_VERSION = 1.0;
				PRODUCT_BUNDLE_IDENTIFIER = abitova.storeAppMemoryManagementUITests;
				PRODUCT_NAME = "$(TARGET_NAME)";
				SWIFT_EMIT_LOC_STRINGS = NO;
				SWIFT_VERSION = 5.0;
				TARGETED_DEVICE_FAMILY = "1,2";
				TEST_TARGET_NAME = storeAppMemoryManagement;
			};
			name = Release;
		};
/* End XCBuildConfiguration section */

/* Begin XCConfigurationList section */
		02E495962D64AFED00CC9018 /* Build configuration list for PBXProject "storeAppMemoryManagement" */ = {
			isa = XCConfigurationList;
			buildConfigurations = (
				02E495C72D64AFEF00CC9018 /* Debug */,
				02E495C82D64AFEF00CC9018 /* Release */,
			);
			defaultConfigurationIsVisible = 0;
			defaultConfigurationName = Release;
		};
		02E495C42D64AFEF00CC9018 /* Build configuration list for PBXNativeTarget "storeAppMemoryManagement" */ = {
			isa = XCConfigurationList;
			buildConfigurations = (
				02E495C52D64AFEF00CC9018 /* Debug */,
				02E495C62D64AFEF00CC9018 /* Release */,
			);
			defaultConfigurationIsVisible = 0;
			defaultConfigurationName = Release;
		};
		02E495C92D64AFEF00CC9018 /* Build configuration list for PBXNativeTarget "storeAppMemoryManagementTests" */ = {
			isa = XCConfigurationList;
			buildConfigurations = (
				02E495CA2D64AFEF00CC9018 /* Debug */,
				02E495CB2D64AFEF00CC9018 /* Release */,
			);
			defaultConfigurationIsVisible = 0;
			defaultConfigurationName = Release;
		};
		02E495CC2D64AFEF00CC9018 /* Build configuration list for PBXNativeTarget "storeAppMemoryManagementUITests" */ = {
			isa = XCConfigurationList;
			buildConfigurations = (
				02E495CD2D64AFEF00CC9018 /* Debug */,
				02E495CE2D64AFEF00CC9018 /* Release */,
			);
			defaultConfigurationIsVisible = 0;
			defaultConfigurationName = Release;
		};
/* End XCConfigurationList section */
	};
	rootObject = 02E495932D64AFED00CC9018 /* Project object */;
}
